// !$*UTF8*$!
{
	archiveVersion = 1;
	classes = {
	};
	objectVersion = 46;
	objects = {

/* Begin PBXBuildFile section */
		952F48F91D87B990008AC3F4 /* main.m in Sources */ = {isa = PBXBuildFile; fileRef = 952F48F81D87B990008AC3F4 /* main.m */; };
		952F48FC1D87B990008AC3F4 /* AppDelegate.m in Sources */ = {isa = PBXBuildFile; fileRef = 952F48FB1D87B990008AC3F4 /* AppDelegate.m */; };
		952F48FF1D87B990008AC3F4 /* ViewController.m in Sources */ = {isa = PBXBuildFile; fileRef = 952F48FE1D87B990008AC3F4 /* ViewController.m */; };
		952F49021D87B990008AC3F4 /* Main.storyboard in Resources */ = {isa = PBXBuildFile; fileRef = 952F49001D87B990008AC3F4 /* Main.storyboard */; };
		952F49041D87B990008AC3F4 /* Assets.xcassets in Resources */ = {isa = PBXBuildFile; fileRef = 952F49031D87B990008AC3F4 /* Assets.xcassets */; };
		952F49071D87B990008AC3F4 /* LaunchScreen.storyboard in Resources */ = {isa = PBXBuildFile; fileRef = 952F49051D87B990008AC3F4 /* LaunchScreen.storyboard */; };
		952F49101D87BB59008AC3F4 /* MsgSend.m in Sources */ = {isa = PBXBuildFile; fileRef = 952F490F1D87BB59008AC3F4 /* MsgSend.m */; };
/* End PBXBuildFile section */

/* Begin PBXFileReference section */
		952F48F41D87B990008AC3F4 /* Part2.app */ = {isa = PBXFileReference; explicitFileType = wrapper.application; includeInIndex = 0; path = Part2.app; sourceTree = BUILT_PRODUCTS_DIR; };
		952F48F81D87B990008AC3F4 /* main.m */ = {isa = PBXFileReference; lastKnownFileType = sourcecode.c.objc; path = main.m; sourceTree = "<group>"; };
		952F48FA1D87B990008AC3F4 /* AppDelegate.h */ = {isa = PBXFileReference; lastKnownFileType = sourcecode.c.h; path = AppDelegate.h; sourceTree = "<group>"; };
		952F48FB1D87B990008AC3F4 /* AppDelegate.m */ = {isa = PBXFileReference; lastKnownFileType = sourcecode.c.objc; path = AppDelegate.m; sourceTree = "<group>"; };
		952F48FD1D87B990008AC3F4 /* ViewController.h */ = {isa = PBXFileReference; lastKnownFileType = sourcecode.c.h; path = ViewController.h; sourceTree = "<group>"; };
		952F48FE1D87B990008AC3F4 /* ViewController.m */ = {isa = PBXFileReference; lastKnownFileType = sourcecode.c.objc; path = ViewController.m; sourceTree = "<group>"; };
		952F49011D87B990008AC3F4 /* Base */ = {isa = PBXFileReference; lastKnownFileType = file.storyboard; name = Base; path = Base.lproj/Main.storyboard; sourceTree = "<group>"; };
		952F49031D87B990008AC3F4 /* Assets.xcassets */ = {isa = PBXFileReference; lastKnownFileType = folder.assetcatalog; path = Assets.xcassets; sourceTree = "<group>"; };
		952F49061D87B990008AC3F4 /* Base */ = {isa = PBXFileReference; lastKnownFileType = file.storyboard; name = Base; path = Base.lproj/LaunchScreen.storyboard; sourceTree = "<group>"; };
		952F49081D87B990008AC3F4 /* Info.plist */ = {isa = PBXFileReference; lastKnownFileType = text.plist.xml; path = Info.plist; sourceTree = "<group>"; };
		952F490E1D87BB59008AC3F4 /* MsgSend.h */ = {isa = PBXFileReference; fileEncoding = 4; lastKnownFileType = sourcecode.c.h; path = MsgSend.h; sourceTree = "<group>"; };
		952F490F1D87BB59008AC3F4 /* MsgSend.m */ = {isa = PBXFileReference; fileEncoding = 4; lastKnownFileType = sourcecode.c.objc; path = MsgSend.m; sourceTree = "<group>"; };
/* End PBXFileReference section */

/* Begin PBXFrameworksBuildPhase section */
		952F48F11D87B990008AC3F4 /* Frameworks */ = {
			isa = PBXFrameworksBuildPhase;
			buildActionMask = 2147483647;
			files = (
			);
			runOnlyForDeploymentPostprocessing = 0;
		};
/* End PBXFrameworksBuildPhase section */

/* Begin PBXGroup section */
		952F48EB1D87B990008AC3F4 = {
			isa = PBXGroup;
			children = (
				952F48F61D87B990008AC3F4 /* Part2 */,
				952F48F51D87B990008AC3F4 /* Products */,
			);
			sourceTree = "<group>";
		};
		952F48F51D87B990008AC3F4 /* Products */ = {
			isa = PBXGroup;
			children = (
				952F48F41D87B990008AC3F4 /* Part2.app */,
			);
			name = Products;
			sourceTree = "<group>";
		};
		952F48F61D87B990008AC3F4 /* Part2 */ = {
			isa = PBXGroup;
			children = (
				952F48FA1D87B990008AC3F4 /* AppDelegate.h */,
				952F48FB1D87B990008AC3F4 /* AppDelegate.m */,
				952F48FD1D87B990008AC3F4 /* ViewController.h */,
				952F48FE1D87B990008AC3F4 /* ViewController.m */,
				952F49001D87B990008AC3F4 /* Main.storyboard */,
				952F490E1D87BB59008AC3F4 /* MsgSend.h */,
				952F490F1D87BB59008AC3F4 /* MsgSend.m */,
				952F49031D87B990008AC3F4 /* Assets.xcassets */,
				952F49051D87B990008AC3F4 /* LaunchScreen.storyboard */,
				952F49081D87B990008AC3F4 /* Info.plist */,
				952F48F71D87B990008AC3F4 /* Supporting Files */,
			);
			path = Part2;
			sourceTree = "<group>";
		};
		952F48F71D87B990008AC3F4 /* Supporting Files */ = {
			isa = PBXGroup;
			children = (
				952F48F81D87B990008AC3F4 /* main.m */,
			);
			name = "Supporting Files";
			sourceTree = "<group>";
		};
/* End PBXGroup section */

/* Begin PBXNativeTarget section */
		952F48F31D87B990008AC3F4 /* Part2 */ = {
			isa = PBXNativeTarget;
			buildConfigurationList = 952F490B1D87B990008AC3F4 /* Build configuration list for PBXNativeTarget "Part2" */;
			buildPhases = (
				952F48F01D87B990008AC3F4 /* Sources */,
				952F48F11D87B990008AC3F4 /* Frameworks */,
				952F48F21D87B990008AC3F4 /* Resources */,
			);
			buildRules = (
			);
			dependencies = (
			);
			name = Part2;
			productName = Part2;
			productReference = 952F48F41D87B990008AC3F4 /* Part2.app */;
			productType = "com.apple.product-type.application";
		};
/* End PBXNativeTarget section */

/* Begin PBXProject section */
		952F48EC1D87B990008AC3F4 /* Project object */ = {
			isa = PBXProject;
			attributes = {
				LastUpgradeCheck = 0720;
				ORGANIZATIONNAME = Dom;
				TargetAttributes = {
					952F48F31D87B990008AC3F4 = {
						CreatedOnToolsVersion = 7.2.1;
						DevelopmentTeam = XWA7JYNQA2;
					};
				};
			};
			buildConfigurationList = 952F48EF1D87B990008AC3F4 /* Build configuration list for PBXProject "Part2" */;
			compatibilityVersion = "Xcode 3.2";
			developmentRegion = English;
			hasScannedForEncodings = 0;
			knownRegions = (
				en,
				Base,
			);
			mainGroup = 952F48EB1D87B990008AC3F4;
			productRefGroup = 952F48F51D87B990008AC3F4 /* Products */;
			projectDirPath = "";
			projectRoot = "";
			targets = (
				952F48F31D87B990008AC3F4 /* Part2 */,
			);
		};
/* End PBXProject section */

/* Begin PBXResourcesBuildPhase section */
		952F48F21D87B990008AC3F4 /* Resources */ = {
			isa = PBXResourcesBuildPhase;
			buildActionMask = 2147483647;
			files = (
				952F49071D87B990008AC3F4 /* LaunchScreen.storyboard in Resources */,
				952F49041D87B990008AC3F4 /* Assets.xcassets in Resources */,
				952F49021D87B990008AC3F4 /* Main.storyboard in Resources */,
			);
			runOnlyForDeploymentPostprocessing = 0;
		};
/* End PBXResourcesBuildPhase section */

/* Begin PBXSourcesBuildPhase section */
		952F48F01D87B990008AC3F4 /* Sources */ = {
			isa = PBXSourcesBuildPhase;
			buildActionMask = 2147483647;
			files = (
				952F48FF1D87B990008AC3F4 /* ViewController.m in Sources */,
				952F49101D87BB59008AC3F4 /* MsgSend.m in Sources */,
				952F48FC1D87B990008AC3F4 /* AppDelegate.m in Sources */,
				952F48F91D87B990008AC3F4 /* main.m in Sources */,
			);
			runOnlyForDeploymentPostprocessing = 0;
		};
/* End PBXSourcesBuildPhase section */

/* Begin PBXVariantGroup section */
		952F49001D87B990008AC3F4 /* Main.storyboard */ = {
			isa = PBXVariantGroup;
			children = (
				952F49011D87B990008AC3F4 /* Base */,
			);
			name = Main.storyboard;
			sourceTree = "<group>";
		};
		952F49051D87B990008AC3F4 /* LaunchScreen.storyboard */ = {
			isa = PBXVariantGroup;
			children = (
				952F49061D87B990008AC3F4 /* Base */,
			);
			name = LaunchScreen.storyboard;
			sourceTree = "<group>";
		};
/* End PBXVariantGroup section */

/* Begin XCBuildConfiguration section */
		952F49091D87B990008AC3F4 /* Debug */ = {
			isa = XCBuildConfiguration;
			buildSettings = {
				ALWAYS_SEARCH_USER_PATHS = NO;
				CLANG_CXX_LANGUAGE_STANDARD = "gnu++0x";
				CLANG_CXX_LIBRARY = "libc++";
				CLANG_ENABLE_MODULES = YES;
				CLANG_ENABLE_OBJC_ARC = YES;
				CLANG_WARN_BOOL_CONVERSION = YES;
				CLANG_WARN_CONSTANT_CONVERSION = YES;
				CLANG_WARN_DIRECT_OBJC_ISA_USAGE = YES_ERROR;
				CLANG_WARN_EMPTY_BODY = YES;
				CLANG_WARN_ENUM_CONVERSION = YES;
				CLANG_WARN_INT_CONVERSION = YES;
				CLANG_WARN_OBJC_ROOT_CLASS = YES_ERROR;
				CLANG_WARN_UNREACHABLE_CODE = YES;
				CLANG_WARN__DUPLICATE_METHOD_MATCH = YES;
				"CODE_SIGN_IDENTITY[sdk=iphoneos*]" = "iPhone Developer";
				COPY_PHASE_STRIP = NO;
				DEBUG_INFORMATION_FORMAT = dwarf;
				ENABLE_STRICT_OBJC_MSGSEND = YES;
				ENABLE_TESTABILITY = YES;
				GCC_C_LANGUAGE_STANDARD = gnu99;
				GCC_DYNAMIC_NO_PIC = NO;
				GCC_NO_COMMON_BLOCKS = YES;
				GCC_OPTIMIZATION_LEVEL = 0;
				GCC_PREPROCESSOR_DEFINITIONS = (
					"DEBUG=1",
					"$(inherited)",
				);
				GCC_WARN_64_TO_32_BIT_CONVERSION = YES;
				GCC_WARN_ABOUT_RETURN_TYPE = YES_ERROR;
				GCC_WARN_UNDECLARED_SELECTOR = YES;
				GCC_WARN_UNINITIALIZED_AUTOS = YES_AGGRESSIVE;
				GCC_WARN_UNUSED_FUNCTION = YES;
				GCC_WARN_UNUSED_VARIABLE = YES;
				IPHONEOS_DEPLOYMENT_TARGET = 9.2;
				MTL_ENABLE_DEBUG_INFO = YES;
				ONLY_ACTIVE_ARCH = YES;
				SDKROOT = iphoneos;
				TARGETED_DEVICE_FAMILY = "1,2";
			};
			name = Debug;
		};
		952F490A1D87B990008AC3F4 /* Release */ = {
			isa = XCBuildConfiguration;
			buildSettings = {
				ALWAYS_SEARCH_USER_PATHS = NO;
				CLANG_CXX_LANGUAGE_STANDARD = "gnu++0x";
				CLANG_CXX_LIBRARY = "libc++";
				CLANG_ENABLE_MODULES = YES;
				CLANG_ENABLE_OBJC_ARC = YES;
				CLANG_WARN_BOOL_CONVERSION = YES;
				CLANG_WARN_CONSTANT_CONVERSION = YES;
				CLANG_WARN_DIRECT_OBJC_ISA_USAGE = YES_ERROR;
				CLANG_WARN_EMPTY_BODY = YES;
				CLANG_WARN_ENUM_CONVERSION = YES;
				CLANG_WARN_INT_CONVERSION = YES;
				CLANG_WARN_OBJC_ROOT_CLASS = YES_ERROR;
				CLANG_WARN_UNREACHABLE_CODE = YES;
				CLANG_WARN__DUPLICATE_METHOD_MATCH = YES;
				"CODE_SIGN_IDENTITY[sdk=iphoneos*]" = "iPhone Developer";
				COPY_PHASE_STRIP = NO;
				DEBUG_INFORMATION_FORMAT = "dwarf-with-dsym";
				ENABLE_NS_ASSERTIONS = NO;
				ENABLE_STRICT_OBJC_MSGSEND = YES;
				GCC_C_LANGUAGE_STANDARD = gnu99;
				GCC_NO_COMMON_BLOCKS = YES;
				GCC_WARN_64_TO_32_BIT_CONVERSION = YES;
				GCC_WARN_ABOUT_RETURN_TYPE = YES_ERROR;
				GCC_WARN_UNDECLARED_SELECTOR = YES;
				GCC_WARN_UNINITIALIZED_AUTOS = YES_AGGRESSIVE;
				GCC_WARN_UNUSED_FUNCTION = YES;
				GCC_WARN_UNUSED_VARIABLE = YES;
				IPHONEOS_DEPLOYMENT_TARGET = 9.2;
				MTL_ENABLE_DEBUG_INFO = NO;
				SDKROOT = iphoneos;
				TARGETED_DEVICE_FAMILY = "1,2";
				VALIDATE_PRODUCT = YES;
			};
			name = Release;
		};
		952F490C1D87B990008AC3F4 /* Debug */ = {
			isa = XCBuildConfiguration;
			buildSettings = {
				ASSETCATALOG_COMPILER_APPICON_NAME = AppIcon;
				INFOPLIST_FILE = Part2/Info.plist;
				LD_RUNPATH_SEARCH_PATHS = "$(inherited) @executable_path/Frameworks";
				PRODUCT_BUNDLE_IDENTIFIER = com.dom.Part2;
				PRODUCT_NAME = "$(TARGET_NAME)";
			};
			name = Debug;
		};
		952F490D1D87B990008AC3F4 /* Release */ = {
			isa = XCBuildConfiguration;
			buildSettings = {
				ASSETCATALOG_COMPILER_APPICON_NAME = AppIcon;
				INFOPLIST_FILE = Part2/Info.plist;
				LD_RUNPATH_SEARCH_PATHS = "$(inherited) @executable_path/Frameworks";
				PRODUCT_BUNDLE_IDENTIFIER = com.dom.Part2;
				PRODUCT_NAME = "$(TARGET_NAME)";
			};
			name = Release;
		};
/* End XCBuildConfiguration section */

/* Begin XCConfigurationList section */
		952F48EF1D87B990008AC3F4 /* Build configuration list for PBXProject "Part2" */ = {
			isa = XCConfigurationList;
			buildConfigurations = (
				952F49091D87B990008AC3F4 /* Debug */,
				952F490A1D87B990008AC3F4 /* Release */,
			);
			defaultConfigurationIsVisible = 0;
			defaultConfigurationName = Release;
		};
		952F490B1D87B990008AC3F4 /* Build configuration list for PBXNativeTarget "Part2" */ = {
			isa = XCConfigurationList;
			buildConfigurations = (
				952F490C1D87B990008AC3F4 /* Debug */,
				952F490D1D87B990008AC3F4 /* Release */,
			);
			defaultConfigurationIsVisible = 0;
		};
/* End XCConfigurationList section */
	};
	rootObject = 952F48EC1D87B990008AC3F4 /* Project object */;
}
